
Microsoft Visual Studio Solution File, Format Version 12.00
# Visual Studio Version 17
VisualStudioVersion = 17.7.34024.191
MinimumVisualStudioVersion = 10.0.40219.1
Project("{9A19103F-16F7-4668-BE54-9A1E7A4F7556}") = "MagicVilla_VillaAPI", "MagicVilla_VillaAPI\MagicVilla_VillaAPI.csproj", "{C4001707-3D01-4483-B8D7-B30FB6F6972B}"
EndProject
Project("{FAE04EC0-301F-11D3-BF4B-00C04F79EFBC}") = "MagicVilla_Web", "MagicVilla_Web\MagicVilla_Web.csproj", "{2303616B-0D06-47E0-BDDD-D61FC71029A5}"
EndProject
Global
	GlobalSection(SolutionConfigurationPlatforms) = preSolution
		Debug|Any CPU = Debug|Any CPU
		Release|Any CPU = Release|Any CPU
	EndGlobalSection
	GlobalSection(ProjectConfigurationPlatforms) = postSolution
		{C4001707-3D01-4483-B8D7-B30FB6F6972B}.Debug|Any CPU.ActiveCfg = Debug|Any CPU
		{C4001707-3D01-4483-B8D7-B30FB6F6972B}.Debug|Any CPU.Build.0 = Debug|Any CPU
		{C4001707-3D01-4483-B8D7-B30FB6F6972B}.Release|Any CPU.ActiveCfg = Release|Any CPU
		{C4001707-3D01-4483-B8D7-B30FB6F6972B}.Release|Any CPU.Build.0 = Release|Any CPU
		{2303616B-0D06-47E0-BDDD-D61FC71029A5}.Debug|Any CPU.ActiveCfg = Debug|Any CPU
		{2303616B-0D06-47E0-BDDD-D61FC71029A5}.Debug|Any CPU.Build.0 = Debug|Any CPU
		{2303616B-0D06-47E0-BDDD-D61FC71029A5}.Release|Any CPU.ActiveCfg = Release|Any CPU
		{2303616B-0D06-47E0-BDDD-D61FC71029A5}.Release|Any CPU.Build.0 = Release|Any CPU
	EndGlobalSection
	GlobalSection(SolutionProperties) = preSolution
		HideSolutionNode = FALSE
	EndGlobalSection
	GlobalSection(ExtensibilityGlobals) = postSolution
		SolutionGuid = {1BBF2889-A0BF-4E7E-B98A-5EA36DDA5F91}
	EndGlobalSection
EndGlobal
